
Microsoft Visual Studio Solution File, Format Version 12.00
# Visual Studio Version 17
VisualStudioVersion = 17.14.36414.22
MinimumVisualStudioVersion = 10.0.40219.1
Project("{FAE04EC0-301F-11D3-BF4B-00C04F79EFBC}") = "WinFormsApp1", "WinFormsApp1\WinFormsApp1.csproj", "{03E972B7-A19F-45BA-AF31-EB4AAD6C8650}"
EndProject
Project("{2150E333-8FDC-42A3-9474-1A3956D46DE8}") = "Solution Items", "Solution Items", "{8EC462FD-D22E-90A8-E5CE-7E832BA40C5D}"
	ProjectSection(SolutionItems) = preProject
		C:\Users\musta\Downloads\c8a8401b-a138-45c6-98dd-0dbe18baf77c.png = C:\Users\musta\Downloads\c8a8401b-a138-45c6-98dd-0dbe18baf77c.png
		Program.cs = Program.cs
	EndProjectSection
EndProject
Global
	GlobalSection(SolutionConfigurationPlatforms) = preSolution
		Debug|Any CPU = Debug|Any CPU
		Release|Any CPU = Release|Any CPU
	EndGlobalSection
	GlobalSection(ProjectConfigurationPlatforms) = postSolution
		{03E972B7-A19F-45BA-AF31-EB4AAD6C8650}.Debug|Any CPU.ActiveCfg = Debug|Any CPU
		{03E972B7-A19F-45BA-AF31-EB4AAD6C8650}.Debug|Any CPU.Build.0 = Debug|Any CPU
		{03E972B7-A19F-45BA-AF31-EB4AAD6C8650}.Release|Any CPU.ActiveCfg = Release|Any CPU
		{03E972B7-A19F-45BA-AF31-EB4AAD6C8650}.Release|Any CPU.Build.0 = Release|Any CPU
	EndGlobalSection
	GlobalSection(SolutionProperties) = preSolution
		HideSolutionNode = FALSE
	EndGlobalSection
	GlobalSection(ExtensibilityGlobals) = postSolution
		SolutionGuid = {311609BB-243A-48DF-9904-E5339DFF5656}
	EndGlobalSection
EndGlobal
